
Microsoft Visual Studio Solution File, Format Version 12.00
# Visual Studio Version 16
VisualStudioVersion = 16.0.31911.196
MinimumVisualStudioVersion = 10.0.40219.1
Project("{FAE04EC0-301F-11D3-BF4B-00C04F79EFBC}") = "Marlabs_CrossJoin_Ex1", "Marlabs_CrossJoin_Ex1\Marlabs_CrossJoin_Ex1.csproj", "{CFB77C6F-BCFF-436C-A8BA-24E4D7BB9B97}"
EndProject
Global
	GlobalSection(SolutionConfigurationPlatforms) = preSolution
		Debug|Any CPU = Debug|Any CPU
		Release|Any CPU = Release|Any CPU
	EndGlobalSection
	GlobalSection(ProjectConfigurationPlatforms) = postSolution
		{CFB77C6F-BCFF-436C-A8BA-24E4D7BB9B97}.Debug|Any CPU.ActiveCfg = Debug|Any CPU
		{CFB77C6F-BCFF-436C-A8BA-24E4D7BB9B97}.Debug|Any CPU.Build.0 = Debug|Any CPU
		{CFB77C6F-BCFF-436C-A8BA-24E4D7BB9B97}.Release|Any CPU.ActiveCfg = Release|Any CPU
		{CFB77C6F-BCFF-436C-A8BA-24E4D7BB9B97}.Release|Any CPU.Build.0 = Release|Any CPU
	EndGlobalSection
	GlobalSection(SolutionProperties) = preSolution
		HideSolutionNode = FALSE
	EndGlobalSection
	GlobalSection(ExtensibilityGlobals) = postSolution
		SolutionGuid = {A64B7D8E-ECF0-4DE3-A900-190982C4E48A}
	EndGlobalSection
EndGlobal
