
Microsoft Visual Studio Solution File, Format Version 12.00
# Visual Studio Version 16
VisualStudioVersion = 16.0.31911.196
MinimumVisualStudioVersion = 10.0.40219.1
Project("{FAE04EC0-301F-11D3-BF4B-00C04F79EFBC}") = "Marlabs_Generics_Ex4", "Marlabs_Generics_Ex4\Marlabs_Generics_Ex4.csproj", "{FC1704AE-4AFA-4E1C-829E-6E02A31AEB10}"
EndProject
Global
	GlobalSection(SolutionConfigurationPlatforms) = preSolution
		Debug|Any CPU = Debug|Any CPU
		Release|Any CPU = Release|Any CPU
	EndGlobalSection
	GlobalSection(ProjectConfigurationPlatforms) = postSolution
		{FC1704AE-4AFA-4E1C-829E-6E02A31AEB10}.Debug|Any CPU.ActiveCfg = Debug|Any CPU
		{FC1704AE-4AFA-4E1C-829E-6E02A31AEB10}.Debug|Any CPU.Build.0 = Debug|Any CPU
		{FC1704AE-4AFA-4E1C-829E-6E02A31AEB10}.Release|Any CPU.ActiveCfg = Release|Any CPU
		{FC1704AE-4AFA-4E1C-829E-6E02A31AEB10}.Release|Any CPU.Build.0 = Release|Any CPU
	EndGlobalSection
	GlobalSection(SolutionProperties) = preSolution
		HideSolutionNode = FALSE
	EndGlobalSection
	GlobalSection(ExtensibilityGlobals) = postSolution
		SolutionGuid = {4A6C5F41-DDB0-49AA-B645-B5D071E19554}
	EndGlobalSection
EndGlobal
