
Microsoft Visual Studio Solution File, Format Version 12.00
# Visual Studio Version 16
VisualStudioVersion = 16.0.31911.196
MinimumVisualStudioVersion = 10.0.40219.1
Project("{FAE04EC0-301F-11D3-BF4B-00C04F79EFBC}") = "Marlabs_InnerJoin_Ex1", "Marlabs_InnerJoin_Ex1\Marlabs_InnerJoin_Ex1.csproj", "{1B20DE75-23E8-4339-8B29-E7530FDF0538}"
EndProject
Global
	GlobalSection(SolutionConfigurationPlatforms) = preSolution
		Debug|Any CPU = Debug|Any CPU
		Release|Any CPU = Release|Any CPU
	EndGlobalSection
	GlobalSection(ProjectConfigurationPlatforms) = postSolution
		{1B20DE75-23E8-4339-8B29-E7530FDF0538}.Debug|Any CPU.ActiveCfg = Debug|Any CPU
		{1B20DE75-23E8-4339-8B29-E7530FDF0538}.Debug|Any CPU.Build.0 = Debug|Any CPU
		{1B20DE75-23E8-4339-8B29-E7530FDF0538}.Release|Any CPU.ActiveCfg = Release|Any CPU
		{1B20DE75-23E8-4339-8B29-E7530FDF0538}.Release|Any CPU.Build.0 = Release|Any CPU
	EndGlobalSection
	GlobalSection(SolutionProperties) = preSolution
		HideSolutionNode = FALSE
	EndGlobalSection
	GlobalSection(ExtensibilityGlobals) = postSolution
		SolutionGuid = {4FB5F694-3244-459C-BF3E-DB346F774E70}
	EndGlobalSection
EndGlobal
