
Microsoft Visual Studio Solution File, Format Version 12.00
# Visual Studio Version 16
VisualStudioVersion = 16.0.31911.196
MinimumVisualStudioVersion = 10.0.40219.1
Project("{FAE04EC0-301F-11D3-BF4B-00C04F79EFBC}") = "Marlabs_Generics_Ex2", "Marlabs_Generics_Ex2\Marlabs_Generics_Ex2.csproj", "{9469D12C-014B-4EC2-8214-C2351852A92E}"
EndProject
Global
	GlobalSection(SolutionConfigurationPlatforms) = preSolution
		Debug|Any CPU = Debug|Any CPU
		Release|Any CPU = Release|Any CPU
	EndGlobalSection
	GlobalSection(ProjectConfigurationPlatforms) = postSolution
		{9469D12C-014B-4EC2-8214-C2351852A92E}.Debug|Any CPU.ActiveCfg = Debug|Any CPU
		{9469D12C-014B-4EC2-8214-C2351852A92E}.Debug|Any CPU.Build.0 = Debug|Any CPU
		{9469D12C-014B-4EC2-8214-C2351852A92E}.Release|Any CPU.ActiveCfg = Release|Any CPU
		{9469D12C-014B-4EC2-8214-C2351852A92E}.Release|Any CPU.Build.0 = Release|Any CPU
	EndGlobalSection
	GlobalSection(SolutionProperties) = preSolution
		HideSolutionNode = FALSE
	EndGlobalSection
	GlobalSection(ExtensibilityGlobals) = postSolution
		SolutionGuid = {4D761974-F0C6-461C-BF49-45A409997A2A}
	EndGlobalSection
EndGlobal
