
Microsoft Visual Studio Solution File, Format Version 12.00
# Visual Studio Version 16
VisualStudioVersion = 16.0.31911.196
MinimumVisualStudioVersion = 10.0.40219.1
Project("{FAE04EC0-301F-11D3-BF4B-00C04F79EFBC}") = "Marlabs_UnitOfWork", "Marlabs_UnitOfWork\Marlabs_UnitOfWork.csproj", "{3E9A3408-93E3-4F57-AA23-64EE9936B77B}"
EndProject
Global
	GlobalSection(SolutionConfigurationPlatforms) = preSolution
		Debug|Any CPU = Debug|Any CPU
		Release|Any CPU = Release|Any CPU
	EndGlobalSection
	GlobalSection(ProjectConfigurationPlatforms) = postSolution
		{3E9A3408-93E3-4F57-AA23-64EE9936B77B}.Debug|Any CPU.ActiveCfg = Debug|Any CPU
		{3E9A3408-93E3-4F57-AA23-64EE9936B77B}.Debug|Any CPU.Build.0 = Debug|Any CPU
		{3E9A3408-93E3-4F57-AA23-64EE9936B77B}.Release|Any CPU.ActiveCfg = Release|Any CPU
		{3E9A3408-93E3-4F57-AA23-64EE9936B77B}.Release|Any CPU.Build.0 = Release|Any CPU
	EndGlobalSection
	GlobalSection(SolutionProperties) = preSolution
		HideSolutionNode = FALSE
	EndGlobalSection
	GlobalSection(ExtensibilityGlobals) = postSolution
		SolutionGuid = {AC928799-D3AE-483C-B884-8AD38E9B425C}
	EndGlobalSection
EndGlobal
