
Microsoft Visual Studio Solution File, Format Version 12.00
# Visual Studio Version 16
VisualStudioVersion = 16.0.31911.196
MinimumVisualStudioVersion = 10.0.40219.1
Project("{FAE04EC0-301F-11D3-BF4B-00C04F79EFBC}") = "Marlabs_Delegate_Ex2", "Marlabs_Delegate_Ex2\Marlabs_Delegate_Ex2.csproj", "{FA1113AD-4BAF-4971-86AF-6607C057A330}"
EndProject
Global
	GlobalSection(SolutionConfigurationPlatforms) = preSolution
		Debug|Any CPU = Debug|Any CPU
		Release|Any CPU = Release|Any CPU
	EndGlobalSection
	GlobalSection(ProjectConfigurationPlatforms) = postSolution
		{FA1113AD-4BAF-4971-86AF-6607C057A330}.Debug|Any CPU.ActiveCfg = Debug|Any CPU
		{FA1113AD-4BAF-4971-86AF-6607C057A330}.Debug|Any CPU.Build.0 = Debug|Any CPU
		{FA1113AD-4BAF-4971-86AF-6607C057A330}.Release|Any CPU.ActiveCfg = Release|Any CPU
		{FA1113AD-4BAF-4971-86AF-6607C057A330}.Release|Any CPU.Build.0 = Release|Any CPU
	EndGlobalSection
	GlobalSection(SolutionProperties) = preSolution
		HideSolutionNode = FALSE
	EndGlobalSection
	GlobalSection(ExtensibilityGlobals) = postSolution
		SolutionGuid = {F5AF52A9-A929-48BD-8845-0F8EBAE5B2BE}
	EndGlobalSection
EndGlobal
