
Microsoft Visual Studio Solution File, Format Version 12.00
# Visual Studio Version 16
VisualStudioVersion = 16.0.31911.196
MinimumVisualStudioVersion = 10.0.40219.1
Project("{FAE04EC0-301F-11D3-BF4B-00C04F79EFBC}") = "Marlabs_Dictionary", "Marlabs_Dictionary\Marlabs_Dictionary.csproj", "{35804E6D-7446-4850-B1BD-0FD8542A6AF6}"
EndProject
Global
	GlobalSection(SolutionConfigurationPlatforms) = preSolution
		Debug|Any CPU = Debug|Any CPU
		Release|Any CPU = Release|Any CPU
	EndGlobalSection
	GlobalSection(ProjectConfigurationPlatforms) = postSolution
		{35804E6D-7446-4850-B1BD-0FD8542A6AF6}.Debug|Any CPU.ActiveCfg = Debug|Any CPU
		{35804E6D-7446-4850-B1BD-0FD8542A6AF6}.Debug|Any CPU.Build.0 = Debug|Any CPU
		{35804E6D-7446-4850-B1BD-0FD8542A6AF6}.Release|Any CPU.ActiveCfg = Release|Any CPU
		{35804E6D-7446-4850-B1BD-0FD8542A6AF6}.Release|Any CPU.Build.0 = Release|Any CPU
	EndGlobalSection
	GlobalSection(SolutionProperties) = preSolution
		HideSolutionNode = FALSE
	EndGlobalSection
	GlobalSection(ExtensibilityGlobals) = postSolution
		SolutionGuid = {30D271AA-E0E6-439A-A937-CD17DB532F1E}
	EndGlobalSection
EndGlobal
