
Microsoft Visual Studio Solution File, Format Version 12.00
# Visual Studio Version 16
VisualStudioVersion = 16.0.31911.196
MinimumVisualStudioVersion = 10.0.40219.1
Project("{FAE04EC0-301F-11D3-BF4B-00C04F79EFBC}") = "Marlabs_SingleMethod_Ex1", "Marlabs_SingleMethod_Ex1\Marlabs_SingleMethod_Ex1.csproj", "{269DE114-7AE7-4A9C-BCB1-943827F70720}"
EndProject
Global
	GlobalSection(SolutionConfigurationPlatforms) = preSolution
		Debug|Any CPU = Debug|Any CPU
		Release|Any CPU = Release|Any CPU
	EndGlobalSection
	GlobalSection(ProjectConfigurationPlatforms) = postSolution
		{269DE114-7AE7-4A9C-BCB1-943827F70720}.Debug|Any CPU.ActiveCfg = Debug|Any CPU
		{269DE114-7AE7-4A9C-BCB1-943827F70720}.Debug|Any CPU.Build.0 = Debug|Any CPU
		{269DE114-7AE7-4A9C-BCB1-943827F70720}.Release|Any CPU.ActiveCfg = Release|Any CPU
		{269DE114-7AE7-4A9C-BCB1-943827F70720}.Release|Any CPU.Build.0 = Release|Any CPU
	EndGlobalSection
	GlobalSection(SolutionProperties) = preSolution
		HideSolutionNode = FALSE
	EndGlobalSection
	GlobalSection(ExtensibilityGlobals) = postSolution
		SolutionGuid = {F0C249E5-1BF6-41B2-8A57-D474BF03E7E4}
	EndGlobalSection
EndGlobal
