
Microsoft Visual Studio Solution File, Format Version 12.00
# Visual Studio Version 16
VisualStudioVersion = 16.0.31911.196
MinimumVisualStudioVersion = 10.0.40219.1
Project("{FAE04EC0-301F-11D3-BF4B-00C04F79EFBC}") = "Marlabs_Func_Delegate_Anonymous_Function_Ex4", "Marlabs_Func_Delegate_Anonymous_Function_Ex4\Marlabs_Func_Delegate_Anonymous_Function_Ex4.csproj", "{EC06E02A-DA7E-445E-9B7B-A252B2D214A3}"
EndProject
Global
	GlobalSection(SolutionConfigurationPlatforms) = preSolution
		Debug|Any CPU = Debug|Any CPU
		Release|Any CPU = Release|Any CPU
	EndGlobalSection
	GlobalSection(ProjectConfigurationPlatforms) = postSolution
		{EC06E02A-DA7E-445E-9B7B-A252B2D214A3}.Debug|Any CPU.ActiveCfg = Debug|Any CPU
		{EC06E02A-DA7E-445E-9B7B-A252B2D214A3}.Debug|Any CPU.Build.0 = Debug|Any CPU
		{EC06E02A-DA7E-445E-9B7B-A252B2D214A3}.Release|Any CPU.ActiveCfg = Release|Any CPU
		{EC06E02A-DA7E-445E-9B7B-A252B2D214A3}.Release|Any CPU.Build.0 = Release|Any CPU
	EndGlobalSection
	GlobalSection(SolutionProperties) = preSolution
		HideSolutionNode = FALSE
	EndGlobalSection
	GlobalSection(ExtensibilityGlobals) = postSolution
		SolutionGuid = {267D9F1E-09AE-4422-A5E3-77179B49E655}
	EndGlobalSection
EndGlobal
