
Microsoft Visual Studio Solution File, Format Version 12.00
# Visual Studio Version 16
VisualStudioVersion = 16.0.31911.196
MinimumVisualStudioVersion = 10.0.40219.1
Project("{FAE04EC0-301F-11D3-BF4B-00C04F79EFBC}") = "Marlabs_Action_Ex2", "Marlabs_Action_Ex2\Marlabs_Action_Ex2.csproj", "{5DE04349-DBCF-474B-BE5C-C9EF93683AEC}"
EndProject
Global
	GlobalSection(SolutionConfigurationPlatforms) = preSolution
		Debug|Any CPU = Debug|Any CPU
		Release|Any CPU = Release|Any CPU
	EndGlobalSection
	GlobalSection(ProjectConfigurationPlatforms) = postSolution
		{5DE04349-DBCF-474B-BE5C-C9EF93683AEC}.Debug|Any CPU.ActiveCfg = Debug|Any CPU
		{5DE04349-DBCF-474B-BE5C-C9EF93683AEC}.Debug|Any CPU.Build.0 = Debug|Any CPU
		{5DE04349-DBCF-474B-BE5C-C9EF93683AEC}.Release|Any CPU.ActiveCfg = Release|Any CPU
		{5DE04349-DBCF-474B-BE5C-C9EF93683AEC}.Release|Any CPU.Build.0 = Release|Any CPU
	EndGlobalSection
	GlobalSection(SolutionProperties) = preSolution
		HideSolutionNode = FALSE
	EndGlobalSection
	GlobalSection(ExtensibilityGlobals) = postSolution
		SolutionGuid = {652F154F-9017-4821-B811-1C45E57C2238}
	EndGlobalSection
EndGlobal
