
Microsoft Visual Studio Solution File, Format Version 12.00
# Visual Studio Version 16
VisualStudioVersion = 16.0.31911.196
MinimumVisualStudioVersion = 10.0.40219.1
Project("{FAE04EC0-301F-11D3-BF4B-00C04F79EFBC}") = "Marlabs_Linq_Ex2", "Marlabs_Linq_Ex2\Marlabs_Linq_Ex2.csproj", "{0F28962C-6961-414E-A046-308A68EE486A}"
EndProject
Global
	GlobalSection(SolutionConfigurationPlatforms) = preSolution
		Debug|Any CPU = Debug|Any CPU
		Release|Any CPU = Release|Any CPU
	EndGlobalSection
	GlobalSection(ProjectConfigurationPlatforms) = postSolution
		{0F28962C-6961-414E-A046-308A68EE486A}.Debug|Any CPU.ActiveCfg = Debug|Any CPU
		{0F28962C-6961-414E-A046-308A68EE486A}.Debug|Any CPU.Build.0 = Debug|Any CPU
		{0F28962C-6961-414E-A046-308A68EE486A}.Release|Any CPU.ActiveCfg = Release|Any CPU
		{0F28962C-6961-414E-A046-308A68EE486A}.Release|Any CPU.Build.0 = Release|Any CPU
	EndGlobalSection
	GlobalSection(SolutionProperties) = preSolution
		HideSolutionNode = FALSE
	EndGlobalSection
	GlobalSection(ExtensibilityGlobals) = postSolution
		SolutionGuid = {0A8B1B53-1DE8-4332-B89F-C68553A0D4E1}
	EndGlobalSection
EndGlobal
