
Microsoft Visual Studio Solution File, Format Version 12.00
# Visual Studio Version 16
VisualStudioVersion = 16.0.31911.196
MinimumVisualStudioVersion = 10.0.40219.1
Project("{FAE04EC0-301F-11D3-BF4B-00C04F79EFBC}") = "Marlabs_ViewMode1_Ex2", "Marlabs_ViewMode1_Ex2\Marlabs_ViewMode1_Ex2.csproj", "{CEB2B317-ACCB-4E60-8738-CC73584FC925}"
EndProject
Global
	GlobalSection(SolutionConfigurationPlatforms) = preSolution
		Debug|Any CPU = Debug|Any CPU
		Release|Any CPU = Release|Any CPU
	EndGlobalSection
	GlobalSection(ProjectConfigurationPlatforms) = postSolution
		{CEB2B317-ACCB-4E60-8738-CC73584FC925}.Debug|Any CPU.ActiveCfg = Debug|Any CPU
		{CEB2B317-ACCB-4E60-8738-CC73584FC925}.Debug|Any CPU.Build.0 = Debug|Any CPU
		{CEB2B317-ACCB-4E60-8738-CC73584FC925}.Release|Any CPU.ActiveCfg = Release|Any CPU
		{CEB2B317-ACCB-4E60-8738-CC73584FC925}.Release|Any CPU.Build.0 = Release|Any CPU
	EndGlobalSection
	GlobalSection(SolutionProperties) = preSolution
		HideSolutionNode = FALSE
	EndGlobalSection
	GlobalSection(ExtensibilityGlobals) = postSolution
		SolutionGuid = {57D5E404-19AB-4ABE-9A91-E748B0BFD8FD}
	EndGlobalSection
EndGlobal
