
Microsoft Visual Studio Solution File, Format Version 12.00
# Visual Studio Version 16
VisualStudioVersion = 16.0.31911.196
MinimumVisualStudioVersion = 10.0.40219.1
Project("{FAE04EC0-301F-11D3-BF4B-00C04F79EFBC}") = "Marlabs_SingleRecordViewDataEmployee", "Marlabs_SingleRecordViewDataEmployee\Marlabs_SingleRecordViewDataEmployee.csproj", "{6071ACFF-7F29-42EB-B322-CD9C3BA8C6B7}"
EndProject
Global
	GlobalSection(SolutionConfigurationPlatforms) = preSolution
		Debug|Any CPU = Debug|Any CPU
		Release|Any CPU = Release|Any CPU
	EndGlobalSection
	GlobalSection(ProjectConfigurationPlatforms) = postSolution
		{6071ACFF-7F29-42EB-B322-CD9C3BA8C6B7}.Debug|Any CPU.ActiveCfg = Debug|Any CPU
		{6071ACFF-7F29-42EB-B322-CD9C3BA8C6B7}.Debug|Any CPU.Build.0 = Debug|Any CPU
		{6071ACFF-7F29-42EB-B322-CD9C3BA8C6B7}.Release|Any CPU.ActiveCfg = Release|Any CPU
		{6071ACFF-7F29-42EB-B322-CD9C3BA8C6B7}.Release|Any CPU.Build.0 = Release|Any CPU
	EndGlobalSection
	GlobalSection(SolutionProperties) = preSolution
		HideSolutionNode = FALSE
	EndGlobalSection
	GlobalSection(ExtensibilityGlobals) = postSolution
		SolutionGuid = {C555E3AE-91B1-49E1-8943-36D36558D604}
	EndGlobalSection
EndGlobal
