
Microsoft Visual Studio Solution File, Format Version 12.00
# Visual Studio Version 16
VisualStudioVersion = 16.0.31911.196
MinimumVisualStudioVersion = 10.0.40219.1
Project("{FAE04EC0-301F-11D3-BF4B-00C04F79EFBC}") = "Marlabs_Var_Keyword_Ex3", "Marlabs_Var_Keyword_Ex3\Marlabs_Var_Keyword_Ex3.csproj", "{2F7405A5-4F8A-49D3-BD69-D79188C8AFCA}"
EndProject
Global
	GlobalSection(SolutionConfigurationPlatforms) = preSolution
		Debug|Any CPU = Debug|Any CPU
		Release|Any CPU = Release|Any CPU
	EndGlobalSection
	GlobalSection(ProjectConfigurationPlatforms) = postSolution
		{2F7405A5-4F8A-49D3-BD69-D79188C8AFCA}.Debug|Any CPU.ActiveCfg = Debug|Any CPU
		{2F7405A5-4F8A-49D3-BD69-D79188C8AFCA}.Debug|Any CPU.Build.0 = Debug|Any CPU
		{2F7405A5-4F8A-49D3-BD69-D79188C8AFCA}.Release|Any CPU.ActiveCfg = Release|Any CPU
		{2F7405A5-4F8A-49D3-BD69-D79188C8AFCA}.Release|Any CPU.Build.0 = Release|Any CPU
	EndGlobalSection
	GlobalSection(SolutionProperties) = preSolution
		HideSolutionNode = FALSE
	EndGlobalSection
	GlobalSection(ExtensibilityGlobals) = postSolution
		SolutionGuid = {99776944-751B-4DCD-91F7-6D6507DDA6A3}
	EndGlobalSection
EndGlobal
