
Microsoft Visual Studio Solution File, Format Version 12.00
# Visual Studio Version 16
VisualStudioVersion = 16.0.31911.196
MinimumVisualStudioVersion = 10.0.40219.1
Project("{FAE04EC0-301F-11D3-BF4B-00C04F79EFBC}") = "Marlabs_Structure_Ex2", "Marlabs_Structure_Ex2\Marlabs_Structure_Ex2.csproj", "{547B0F2C-FFCF-41B9-907C-D561FCE09C86}"
EndProject
Global
	GlobalSection(SolutionConfigurationPlatforms) = preSolution
		Debug|Any CPU = Debug|Any CPU
		Release|Any CPU = Release|Any CPU
	EndGlobalSection
	GlobalSection(ProjectConfigurationPlatforms) = postSolution
		{547B0F2C-FFCF-41B9-907C-D561FCE09C86}.Debug|Any CPU.ActiveCfg = Debug|Any CPU
		{547B0F2C-FFCF-41B9-907C-D561FCE09C86}.Debug|Any CPU.Build.0 = Debug|Any CPU
		{547B0F2C-FFCF-41B9-907C-D561FCE09C86}.Release|Any CPU.ActiveCfg = Release|Any CPU
		{547B0F2C-FFCF-41B9-907C-D561FCE09C86}.Release|Any CPU.Build.0 = Release|Any CPU
	EndGlobalSection
	GlobalSection(SolutionProperties) = preSolution
		HideSolutionNode = FALSE
	EndGlobalSection
	GlobalSection(ExtensibilityGlobals) = postSolution
		SolutionGuid = {6F6E712D-0046-41AA-81FB-7BCF89A37CC4}
	EndGlobalSection
EndGlobal
