
Microsoft Visual Studio Solution File, Format Version 12.00
# Visual Studio Version 16
VisualStudioVersion = 16.0.31911.196
MinimumVisualStudioVersion = 10.0.40219.1
Project("{FAE04EC0-301F-11D3-BF4B-00C04F79EFBC}") = "Marlabs_List_Collection_Ex3", "Marlabs_List_Collection_Ex3\Marlabs_List_Collection_Ex3.csproj", "{973911D6-ABE2-40C0-ACBA-994B7C1C6BBB}"
EndProject
Global
	GlobalSection(SolutionConfigurationPlatforms) = preSolution
		Debug|Any CPU = Debug|Any CPU
		Release|Any CPU = Release|Any CPU
	EndGlobalSection
	GlobalSection(ProjectConfigurationPlatforms) = postSolution
		{973911D6-ABE2-40C0-ACBA-994B7C1C6BBB}.Debug|Any CPU.ActiveCfg = Debug|Any CPU
		{973911D6-ABE2-40C0-ACBA-994B7C1C6BBB}.Debug|Any CPU.Build.0 = Debug|Any CPU
		{973911D6-ABE2-40C0-ACBA-994B7C1C6BBB}.Release|Any CPU.ActiveCfg = Release|Any CPU
		{973911D6-ABE2-40C0-ACBA-994B7C1C6BBB}.Release|Any CPU.Build.0 = Release|Any CPU
	EndGlobalSection
	GlobalSection(SolutionProperties) = preSolution
		HideSolutionNode = FALSE
	EndGlobalSection
	GlobalSection(ExtensibilityGlobals) = postSolution
		SolutionGuid = {E2CB91E8-D9F2-44A5-92D5-8F2157C72C80}
	EndGlobalSection
EndGlobal
