
Microsoft Visual Studio Solution File, Format Version 12.00
# Visual Studio Version 16
VisualStudioVersion = 16.0.31911.196
MinimumVisualStudioVersion = 10.0.40219.1
Project("{FAE04EC0-301F-11D3-BF4B-00C04F79EFBC}") = "Marlabs_Delegate_Ex1", "Marlabs_Delegate_Ex1\Marlabs_Delegate_Ex1.csproj", "{EE54C56D-1B54-4212-8DAE-9E20C8DC3557}"
EndProject
Global
	GlobalSection(SolutionConfigurationPlatforms) = preSolution
		Debug|Any CPU = Debug|Any CPU
		Release|Any CPU = Release|Any CPU
	EndGlobalSection
	GlobalSection(ProjectConfigurationPlatforms) = postSolution
		{EE54C56D-1B54-4212-8DAE-9E20C8DC3557}.Debug|Any CPU.ActiveCfg = Debug|Any CPU
		{EE54C56D-1B54-4212-8DAE-9E20C8DC3557}.Debug|Any CPU.Build.0 = Debug|Any CPU
		{EE54C56D-1B54-4212-8DAE-9E20C8DC3557}.Release|Any CPU.ActiveCfg = Release|Any CPU
		{EE54C56D-1B54-4212-8DAE-9E20C8DC3557}.Release|Any CPU.Build.0 = Release|Any CPU
	EndGlobalSection
	GlobalSection(SolutionProperties) = preSolution
		HideSolutionNode = FALSE
	EndGlobalSection
	GlobalSection(ExtensibilityGlobals) = postSolution
		SolutionGuid = {636C3E90-1F62-4051-B55F-E7EBF9A00188}
	EndGlobalSection
EndGlobal
