
Microsoft Visual Studio Solution File, Format Version 12.00
# Visual Studio Version 16
VisualStudioVersion = 16.0.32106.194
MinimumVisualStudioVersion = 10.0.40219.1
Project("{FAE04EC0-301F-11D3-BF4B-00C04F79EFBC}") = "View_Model", "View_Model\View_Model.csproj", "{29320178-DECB-4E29-8673-040354997CAC}"
EndProject
Global
	GlobalSection(SolutionConfigurationPlatforms) = preSolution
		Debug|Any CPU = Debug|Any CPU
		Release|Any CPU = Release|Any CPU
	EndGlobalSection
	GlobalSection(ProjectConfigurationPlatforms) = postSolution
		{29320178-DECB-4E29-8673-040354997CAC}.Debug|Any CPU.ActiveCfg = Debug|Any CPU
		{29320178-DECB-4E29-8673-040354997CAC}.Debug|Any CPU.Build.0 = Debug|Any CPU
		{29320178-DECB-4E29-8673-040354997CAC}.Release|Any CPU.ActiveCfg = Release|Any CPU
		{29320178-DECB-4E29-8673-040354997CAC}.Release|Any CPU.Build.0 = Release|Any CPU
	EndGlobalSection
	GlobalSection(SolutionProperties) = preSolution
		HideSolutionNode = FALSE
	EndGlobalSection
	GlobalSection(ExtensibilityGlobals) = postSolution
		SolutionGuid = {3BC86A1E-D468-417D-99D0-1F314643F30C}
	EndGlobalSection
EndGlobal
