
Microsoft Visual Studio Solution File, Format Version 12.00
# Visual Studio Version 16
VisualStudioVersion = 16.0.31911.196
MinimumVisualStudioVersion = 10.0.40219.1
Project("{FAE04EC0-301F-11D3-BF4B-00C04F79EFBC}") = "Marlabs_Generics", "Marlabs_Generics\Marlabs_Generics.csproj", "{36BCA006-FE11-413C-A738-4314F6DC9CE1}"
EndProject
Global
	GlobalSection(SolutionConfigurationPlatforms) = preSolution
		Debug|Any CPU = Debug|Any CPU
		Release|Any CPU = Release|Any CPU
	EndGlobalSection
	GlobalSection(ProjectConfigurationPlatforms) = postSolution
		{36BCA006-FE11-413C-A738-4314F6DC9CE1}.Debug|Any CPU.ActiveCfg = Debug|Any CPU
		{36BCA006-FE11-413C-A738-4314F6DC9CE1}.Debug|Any CPU.Build.0 = Debug|Any CPU
		{36BCA006-FE11-413C-A738-4314F6DC9CE1}.Release|Any CPU.ActiveCfg = Release|Any CPU
		{36BCA006-FE11-413C-A738-4314F6DC9CE1}.Release|Any CPU.Build.0 = Release|Any CPU
	EndGlobalSection
	GlobalSection(SolutionProperties) = preSolution
		HideSolutionNode = FALSE
	EndGlobalSection
	GlobalSection(ExtensibilityGlobals) = postSolution
		SolutionGuid = {2FF2EE34-A209-4CC4-A4F1-527831CA5549}
	EndGlobalSection
EndGlobal
