
Microsoft Visual Studio Solution File, Format Version 12.00
# Visual Studio Version 16
VisualStudioVersion = 16.0.31911.196
MinimumVisualStudioVersion = 10.0.40219.1
Project("{FAE04EC0-301F-11D3-BF4B-00C04F79EFBC}") = "Marlabs_Linq_Ex1", "Marlabs_Linq_Ex1\Marlabs_Linq_Ex1.csproj", "{9FCB0C46-430D-4206-83F1-811D879A932A}"
EndProject
Global
	GlobalSection(SolutionConfigurationPlatforms) = preSolution
		Debug|Any CPU = Debug|Any CPU
		Release|Any CPU = Release|Any CPU
	EndGlobalSection
	GlobalSection(ProjectConfigurationPlatforms) = postSolution
		{9FCB0C46-430D-4206-83F1-811D879A932A}.Debug|Any CPU.ActiveCfg = Debug|Any CPU
		{9FCB0C46-430D-4206-83F1-811D879A932A}.Debug|Any CPU.Build.0 = Debug|Any CPU
		{9FCB0C46-430D-4206-83F1-811D879A932A}.Release|Any CPU.ActiveCfg = Release|Any CPU
		{9FCB0C46-430D-4206-83F1-811D879A932A}.Release|Any CPU.Build.0 = Release|Any CPU
	EndGlobalSection
	GlobalSection(SolutionProperties) = preSolution
		HideSolutionNode = FALSE
	EndGlobalSection
	GlobalSection(ExtensibilityGlobals) = postSolution
		SolutionGuid = {7F42E630-00EF-4EF1-ABF7-2D90CBAB3BC3}
	EndGlobalSection
EndGlobal
