
Microsoft Visual Studio Solution File, Format Version 12.00
# Visual Studio Version 16
VisualStudioVersion = 16.0.31911.196
MinimumVisualStudioVersion = 10.0.40219.1
Project("{FAE04EC0-301F-11D3-BF4B-00C04F79EFBC}") = "Marlabs_Generics_Functions_Assign_Ex2", "Marlabs_Generics_Functions_Assign_Ex2\Marlabs_Generics_Functions_Assign_Ex2.csproj", "{AC03540D-9EBE-4ACE-9A35-D50C0D296907}"
EndProject
Global
	GlobalSection(SolutionConfigurationPlatforms) = preSolution
		Debug|Any CPU = Debug|Any CPU
		Release|Any CPU = Release|Any CPU
	EndGlobalSection
	GlobalSection(ProjectConfigurationPlatforms) = postSolution
		{AC03540D-9EBE-4ACE-9A35-D50C0D296907}.Debug|Any CPU.ActiveCfg = Debug|Any CPU
		{AC03540D-9EBE-4ACE-9A35-D50C0D296907}.Debug|Any CPU.Build.0 = Debug|Any CPU
		{AC03540D-9EBE-4ACE-9A35-D50C0D296907}.Release|Any CPU.ActiveCfg = Release|Any CPU
		{AC03540D-9EBE-4ACE-9A35-D50C0D296907}.Release|Any CPU.Build.0 = Release|Any CPU
	EndGlobalSection
	GlobalSection(SolutionProperties) = preSolution
		HideSolutionNode = FALSE
	EndGlobalSection
	GlobalSection(ExtensibilityGlobals) = postSolution
		SolutionGuid = {382839F5-D77A-4115-A1F7-3D5E1E11CB85}
	EndGlobalSection
EndGlobal
