
Microsoft Visual Studio Solution File, Format Version 12.00
# Visual Studio Version 16
VisualStudioVersion = 16.0.31911.196
MinimumVisualStudioVersion = 10.0.40219.1
Project("{FAE04EC0-301F-11D3-BF4B-00C04F79EFBC}") = "Marlabs_Func_Delegate_Ex3", "Marlabs_Func_Delegate_Ex3\Marlabs_Func_Delegate_Ex3.csproj", "{6AE6D076-F30F-406D-86C7-479D96B71105}"
EndProject
Global
	GlobalSection(SolutionConfigurationPlatforms) = preSolution
		Debug|Any CPU = Debug|Any CPU
		Release|Any CPU = Release|Any CPU
	EndGlobalSection
	GlobalSection(ProjectConfigurationPlatforms) = postSolution
		{6AE6D076-F30F-406D-86C7-479D96B71105}.Debug|Any CPU.ActiveCfg = Debug|Any CPU
		{6AE6D076-F30F-406D-86C7-479D96B71105}.Debug|Any CPU.Build.0 = Debug|Any CPU
		{6AE6D076-F30F-406D-86C7-479D96B71105}.Release|Any CPU.ActiveCfg = Release|Any CPU
		{6AE6D076-F30F-406D-86C7-479D96B71105}.Release|Any CPU.Build.0 = Release|Any CPU
	EndGlobalSection
	GlobalSection(SolutionProperties) = preSolution
		HideSolutionNode = FALSE
	EndGlobalSection
	GlobalSection(ExtensibilityGlobals) = postSolution
		SolutionGuid = {9E4FDB21-649B-4133-B364-56E022A9DB77}
	EndGlobalSection
EndGlobal
