
Microsoft Visual Studio Solution File, Format Version 12.00
# Visual Studio Version 16
VisualStudioVersion = 16.0.31911.196
MinimumVisualStudioVersion = 10.0.40219.1
Project("{FAE04EC0-301F-11D3-BF4B-00C04F79EFBC}") = "Marlabs_Func_Delegate", "Marlabs_Func_Delegate\Marlabs_Func_Delegate.csproj", "{91C06289-5A04-4D8C-8429-1C285BF237C5}"
EndProject
Global
	GlobalSection(SolutionConfigurationPlatforms) = preSolution
		Debug|Any CPU = Debug|Any CPU
		Release|Any CPU = Release|Any CPU
	EndGlobalSection
	GlobalSection(ProjectConfigurationPlatforms) = postSolution
		{91C06289-5A04-4D8C-8429-1C285BF237C5}.Debug|Any CPU.ActiveCfg = Debug|Any CPU
		{91C06289-5A04-4D8C-8429-1C285BF237C5}.Debug|Any CPU.Build.0 = Debug|Any CPU
		{91C06289-5A04-4D8C-8429-1C285BF237C5}.Release|Any CPU.ActiveCfg = Release|Any CPU
		{91C06289-5A04-4D8C-8429-1C285BF237C5}.Release|Any CPU.Build.0 = Release|Any CPU
	EndGlobalSection
	GlobalSection(SolutionProperties) = preSolution
		HideSolutionNode = FALSE
	EndGlobalSection
	GlobalSection(ExtensibilityGlobals) = postSolution
		SolutionGuid = {220A7235-1BE6-446F-BD49-5E45D0D38F5D}
	EndGlobalSection
EndGlobal
