
Microsoft Visual Studio Solution File, Format Version 12.00
# Visual Studio Version 16
VisualStudioVersion = 16.0.31911.196
MinimumVisualStudioVersion = 10.0.40219.1
Project("{FAE04EC0-301F-11D3-BF4B-00C04F79EFBC}") = "Marlabs_ViewMode1_Ex3", "Marlabs_ViewMode1_Ex3\Marlabs_ViewMode1_Ex3.csproj", "{5D3B4EFA-8EF7-4470-86B3-6759D77B1B12}"
EndProject
Global
	GlobalSection(SolutionConfigurationPlatforms) = preSolution
		Debug|Any CPU = Debug|Any CPU
		Release|Any CPU = Release|Any CPU
	EndGlobalSection
	GlobalSection(ProjectConfigurationPlatforms) = postSolution
		{5D3B4EFA-8EF7-4470-86B3-6759D77B1B12}.Debug|Any CPU.ActiveCfg = Debug|Any CPU
		{5D3B4EFA-8EF7-4470-86B3-6759D77B1B12}.Debug|Any CPU.Build.0 = Debug|Any CPU
		{5D3B4EFA-8EF7-4470-86B3-6759D77B1B12}.Release|Any CPU.ActiveCfg = Release|Any CPU
		{5D3B4EFA-8EF7-4470-86B3-6759D77B1B12}.Release|Any CPU.Build.0 = Release|Any CPU
	EndGlobalSection
	GlobalSection(SolutionProperties) = preSolution
		HideSolutionNode = FALSE
	EndGlobalSection
	GlobalSection(ExtensibilityGlobals) = postSolution
		SolutionGuid = {12C7CC7E-6DBE-436B-A5FE-B4E1F00BFC84}
	EndGlobalSection
EndGlobal
