
Microsoft Visual Studio Solution File, Format Version 12.00
# Visual Studio Version 16
VisualStudioVersion = 16.0.31911.196
MinimumVisualStudioVersion = 10.0.40219.1
Project("{FAE04EC0-301F-11D3-BF4B-00C04F79EFBC}") = "Marlabs_Dapper_Customer", "Marlabs_Dapper_Customer\Marlabs_Dapper_Customer.csproj", "{09EB7237-26B3-4C9E-AFF9-0E711CD5983F}"
EndProject
Global
	GlobalSection(SolutionConfigurationPlatforms) = preSolution
		Debug|Any CPU = Debug|Any CPU
		Release|Any CPU = Release|Any CPU
	EndGlobalSection
	GlobalSection(ProjectConfigurationPlatforms) = postSolution
		{09EB7237-26B3-4C9E-AFF9-0E711CD5983F}.Debug|Any CPU.ActiveCfg = Debug|Any CPU
		{09EB7237-26B3-4C9E-AFF9-0E711CD5983F}.Debug|Any CPU.Build.0 = Debug|Any CPU
		{09EB7237-26B3-4C9E-AFF9-0E711CD5983F}.Release|Any CPU.ActiveCfg = Release|Any CPU
		{09EB7237-26B3-4C9E-AFF9-0E711CD5983F}.Release|Any CPU.Build.0 = Release|Any CPU
	EndGlobalSection
	GlobalSection(SolutionProperties) = preSolution
		HideSolutionNode = FALSE
	EndGlobalSection
	GlobalSection(ExtensibilityGlobals) = postSolution
		SolutionGuid = {B98FFDB5-E780-4595-8781-33DA32C08892}
	EndGlobalSection
EndGlobal
