
Microsoft Visual Studio Solution File, Format Version 12.00
# Visual Studio Version 16
VisualStudioVersion = 16.0.31911.196
MinimumVisualStudioVersion = 10.0.40219.1
Project("{FAE04EC0-301F-11D3-BF4B-00C04F79EFBC}") = "Marlabs_JoinOperator_Ex8", "Marlabs_JoinOperator_Ex8\Marlabs_JoinOperator_Ex8.csproj", "{CAFEA80D-7495-460A-B06E-4D11208FBC4C}"
EndProject
Global
	GlobalSection(SolutionConfigurationPlatforms) = preSolution
		Debug|Any CPU = Debug|Any CPU
		Release|Any CPU = Release|Any CPU
	EndGlobalSection
	GlobalSection(ProjectConfigurationPlatforms) = postSolution
		{CAFEA80D-7495-460A-B06E-4D11208FBC4C}.Debug|Any CPU.ActiveCfg = Debug|Any CPU
		{CAFEA80D-7495-460A-B06E-4D11208FBC4C}.Debug|Any CPU.Build.0 = Debug|Any CPU
		{CAFEA80D-7495-460A-B06E-4D11208FBC4C}.Release|Any CPU.ActiveCfg = Release|Any CPU
		{CAFEA80D-7495-460A-B06E-4D11208FBC4C}.Release|Any CPU.Build.0 = Release|Any CPU
	EndGlobalSection
	GlobalSection(SolutionProperties) = preSolution
		HideSolutionNode = FALSE
	EndGlobalSection
	GlobalSection(ExtensibilityGlobals) = postSolution
		SolutionGuid = {53358F62-1996-45F4-85C4-A76743F2D06D}
	EndGlobalSection
EndGlobal
