
Microsoft Visual Studio Solution File, Format Version 12.00
# Visual Studio Version 16
VisualStudioVersion = 16.0.31911.196
MinimumVisualStudioVersion = 10.0.40219.1
Project("{FAE04EC0-301F-11D3-BF4B-00C04F79EFBC}") = "Marlabs_Multicast_Delegate", "Marlabs_Multicast_Delegate\Marlabs_Multicast_Delegate.csproj", "{DB22464E-678E-4D01-A028-98E088EA4426}"
EndProject
Global
	GlobalSection(SolutionConfigurationPlatforms) = preSolution
		Debug|Any CPU = Debug|Any CPU
		Release|Any CPU = Release|Any CPU
	EndGlobalSection
	GlobalSection(ProjectConfigurationPlatforms) = postSolution
		{DB22464E-678E-4D01-A028-98E088EA4426}.Debug|Any CPU.ActiveCfg = Debug|Any CPU
		{DB22464E-678E-4D01-A028-98E088EA4426}.Debug|Any CPU.Build.0 = Debug|Any CPU
		{DB22464E-678E-4D01-A028-98E088EA4426}.Release|Any CPU.ActiveCfg = Release|Any CPU
		{DB22464E-678E-4D01-A028-98E088EA4426}.Release|Any CPU.Build.0 = Release|Any CPU
	EndGlobalSection
	GlobalSection(SolutionProperties) = preSolution
		HideSolutionNode = FALSE
	EndGlobalSection
	GlobalSection(ExtensibilityGlobals) = postSolution
		SolutionGuid = {0D2B18B4-4CB1-4E36-96A3-A5EBCD37A029}
	EndGlobalSection
EndGlobal
