
Microsoft Visual Studio Solution File, Format Version 12.00
# Visual Studio Version 16
VisualStudioVersion = 16.0.31911.196
MinimumVisualStudioVersion = 10.0.40219.1
Project("{FAE04EC0-301F-11D3-BF4B-00C04F79EFBC}") = "Marlabs_LinqOperators_First_Ex1", "Marlabs_LinqOperators_First_Ex1\Marlabs_LinqOperators_First_Ex1.csproj", "{B0297D2F-5434-4CAB-A91D-320828EBC894}"
EndProject
Global
	GlobalSection(SolutionConfigurationPlatforms) = preSolution
		Debug|Any CPU = Debug|Any CPU
		Release|Any CPU = Release|Any CPU
	EndGlobalSection
	GlobalSection(ProjectConfigurationPlatforms) = postSolution
		{B0297D2F-5434-4CAB-A91D-320828EBC894}.Debug|Any CPU.ActiveCfg = Debug|Any CPU
		{B0297D2F-5434-4CAB-A91D-320828EBC894}.Debug|Any CPU.Build.0 = Debug|Any CPU
		{B0297D2F-5434-4CAB-A91D-320828EBC894}.Release|Any CPU.ActiveCfg = Release|Any CPU
		{B0297D2F-5434-4CAB-A91D-320828EBC894}.Release|Any CPU.Build.0 = Release|Any CPU
	EndGlobalSection
	GlobalSection(SolutionProperties) = preSolution
		HideSolutionNode = FALSE
	EndGlobalSection
	GlobalSection(ExtensibilityGlobals) = postSolution
		SolutionGuid = {15A57664-5D6D-4AD2-99A9-C94691D5F14A}
	EndGlobalSection
EndGlobal
